{
  "requires": true,
  "lockfileVersion": 1,
  "dependencies": {
    "@interactjs/actions": {
      "version": "1.5.4",
      "resolved": "https://registry.npmjs.org/@interactjs/actions/-/actions-1.5.4.tgz",
      "integrity": "sha512-opzSOab2xLz/F5ghU40WCJLH8O7ohRykRnsnnNrJFk0hUTFyd9kQH58p5m3v/RHkTI7KwYzeWbm5XDF6hfzJKA==",
      "optional": true
    },
    "@interactjs/auto-scroll": {
      "version": "1.5.4",
      "resolved": "https://registry.npmjs.org/@interactjs/auto-scroll/-/auto-scroll-1.5.4.tgz",
      "integrity": "sha512-rSiMwjpEjVlMENThVf8a6hK2jYNdDRsgEkNbtCxv+2HrBaiDA/Bmyphyg7bGMUR4A17HObi5tAZTfxV8UZHJcQ==",
      "optional": true
    },
    "@interactjs/auto-start": {
      "version": "1.5.4",
      "resolved": "https://registry.npmjs.org/@interactjs/auto-start/-/auto-start-1.5.4.tgz",
      "integrity": "sha512-eJOkVK13liwh59cFhG2VfxU2HIDmPb8FxKwHRoqdMJwxVzNuDxeSsFnLyrKPhB+3lFRAAxRjrPQ3LKulvMPfiw==",
      "optional": true
    },
    "@interactjs/core": {
      "version": "1.5.4",
      "resolved": "https://registry.npmjs.org/@interactjs/core/-/core-1.5.4.tgz",
      "integrity": "sha512-4ZXdh1SESBXx9Y/NFD3CTpHffnJ2meVhyLsjL13C9dZrOVbStI5mRgN8GaERoj0M3pK7SPbw29UpHANqK5Qhcw==",
      "optional": true
    },
    "@interactjs/dev-tools": {
      "version": "1.5.4",
      "resolved": "https://registry.npmjs.org/@interactjs/dev-tools/-/dev-tools-1.5.4.tgz",
      "integrity": "sha512-sPPrPFDGoxAM9s4+4M1frvg4Mf1f6gYJg6qK3yStqCxyvHu09tSilu4UwY9ukKavOGLoH5IqAY9TxbjLayQ1Wg==",
      "optional": true,
      "requires": {
        "@interactjs/utils": "1.5.4"
      }
    },
    "@interactjs/inertia": {
      "version": "1.5.4",
      "resolved": "https://registry.npmjs.org/@interactjs/inertia/-/inertia-1.5.4.tgz",
      "integrity": "sha512-HRdSGbkTwBKKf2RKGrHLfs7K4bslCZAdzTctQiCmxzmDxveBdPTDxeIKLaGGv4GA33xJsen4e9rOTqukEVKU8w==",
      "optional": true
    },
    "@interactjs/interact": {
      "version": "1.5.4",
      "resolved": "https://registry.npmjs.org/@interactjs/interact/-/interact-1.5.4.tgz",
      "integrity": "sha512-b0Yf30J6uPO78DOuh882zlP/7jVQnwZiUSfdq3uuUYmy2LQJoOuv+F+ygEeXMTQk0kK6aVHqJPACIojRj/vyNg==",
      "optional": true
    },
    "@interactjs/modifiers": {
      "version": "1.5.4",
      "resolved": "https://registry.npmjs.org/@interactjs/modifiers/-/modifiers-1.5.4.tgz",
      "integrity": "sha512-skQrQl2Yvreza+j5p5LhwwliUkVwpDPR3MNLEh+m7JHv1gJYJnDryjiQsHlaXdwM32p3QRG5JvBtomlTkILzRg==",
      "optional": true
    },
    "@interactjs/pointer-events": {
      "version": "1.5.4",
      "resolved": "https://registry.npmjs.org/@interactjs/pointer-events/-/pointer-events-1.5.4.tgz",
      "integrity": "sha512-SEO/amMaSf5jHOyne9erpQOJJtPLH4nY/zvvonT8BSAs70M1tDUe8nCZxtUqjnaYUMrixW4AJdzV40JYMt1lgg==",
      "optional": true
    },
    "@interactjs/reflow": {
      "version": "1.5.4",
      "resolved": "https://registry.npmjs.org/@interactjs/reflow/-/reflow-1.5.4.tgz",
      "integrity": "sha512-0wJoMfBYOStaaqvPFz0rfkObd/v1EPG4FUJgQC8JZ6JbsHbbpIxU6m6XgDTlAwBSboZ4zqkGs18h+YOfEwvatw==",
      "optional": true
    },
    "@interactjs/types": {
      "version": "1.5.4",
      "resolved": "https://registry.npmjs.org/@interactjs/types/-/types-1.5.4.tgz",
      "integrity": "sha512-ADnnLE8nd6r+ljRpyLLV2jFV+h1WGGTVbqOAKUjRIBOogHLnVLHJj2kVo3Ctixz1oUbcN6bl+NjwJ8WiD50xLA==",
      "optional": true,
      "requires": {
        "@interactjs/actions": "1.5.4",
        "@interactjs/auto-scroll": "1.5.4",
        "@interactjs/auto-start": "1.5.4",
        "@interactjs/core": "1.5.4",
        "@interactjs/dev-tools": "1.5.4",
        "@interactjs/inertia": "1.5.4",
        "@interactjs/interact": "1.5.4",
        "@interactjs/modifiers": "1.5.4",
        "@interactjs/pointer-events": "1.5.4",
        "@interactjs/reflow": "1.5.4",
        "@interactjs/utils": "1.5.4"
      }
    },
    "@interactjs/utils": {
      "version": "1.5.4",
      "resolved": "https://registry.npmjs.org/@interactjs/utils/-/utils-1.5.4.tgz",
      "integrity": "sha512-K+aQdl9ipkwxRduZxUMfUHxIqkEq0N62BG5/7FE+bCYXVPTFWcBEkykDGHS/ZN7I53QJJvI/tGsj9sxtaQHD8Q==",
      "optional": true
    },
    "@mobiscroll/angularjs-lite": {
      "version": "4.7.3",
      "resolved": "https://registry.npmjs.org/@mobiscroll/angularjs-lite/-/angularjs-lite-4.7.3.tgz",
      "integrity": "sha512-UbkSLTU/t9Ohs7Eu6/iHLdrSoi4o1kmGSNjJWqRwqH0e8lmMF+RFp5RfL2k/EdO5NNqk+OGCSyqdvMMsjRLAYw=="
    },
    "ack-angular-mobiscroll": {
      "version": "1.0.3",
      "resolved": "https://registry.npmjs.org/ack-angular-mobiscroll/-/ack-angular-mobiscroll-1.0.3.tgz",
      "integrity": "sha512-R5CqMLrOxM34xy6Pv4cRM7nZtZwF5YtqutHWa4TUwG7u5yDHGmQjUOKkOJZk8KIZfZwX4UaG1h54bwOHwholLw=="
    },
    "angular": {
      "version": "1.7.8",
      "resolved": "https://registry.npmjs.org/angular/-/angular-1.7.8.tgz",
      "integrity": "sha512-wtef/y4COxM7ZVhddd7JtAAhyYObq9YXKar9tsW7558BImeVYteJiTxCKeJOL45lJ/+7B4wrAC49j8gTFYEthg=="
    },
    "angular-animate": {
      "version": "1.7.8",
      "resolved": "https://registry.npmjs.org/angular-animate/-/angular-animate-1.7.8.tgz",
      "integrity": "sha512-bINtzizq7TbJzfVrDpwLfTxVl0Qd7fRNWFb5jKYI1vaFZobQNX/QONXlLow6ySsDbZ6eLECycB7mvWtfh1YYaw=="
    },
    "angular-aria": {
      "version": "1.7.8",
      "resolved": "https://registry.npmjs.org/angular-aria/-/angular-aria-1.7.8.tgz",
      "integrity": "sha512-facq/111sZKL2wUUqRA1GnGt+lZ8KAcX9Aw04cNA+OyEkoaoRC77NY4VSOTQxghlSd0OPAdLeFnmETnuiWrpLg=="
    },
    "angular-bootstrap-calendar": {
      "version": "1.0.0",
      "resolved": "https://registry.npmjs.org/angular-bootstrap-calendar/-/angular-bootstrap-calendar-1.0.0.tgz",
      "integrity": "sha512-Tm9LwUl7paHRsd4P28QI558VuJSbKiFDx36ytWviNcw2gKQUYS94IWGFyIsaFuuodY249wGLVYbHCblOAz65fg==",
      "requires": {
        "angular-touch": ">=1.3.0",
        "angular-ui-bootstrap": ">=0.14.0",
        "interactjs": "^1.2.0"
      }
    },
    "angular-material": {
      "version": "1.1.20",
      "resolved": "https://registry.npmjs.org/angular-material/-/angular-material-1.1.20.tgz",
      "integrity": "sha512-R2jILX9g7AVvEZbIMqEp8mkjlH/iSrDG150pCSzL7+6PHdi4dYuyXNRtYlpYKe+72Q4fIV4YBYSxepNob3hU9A=="
    },
    "angular-messages": {
      "version": "1.7.8",
      "resolved": "https://registry.npmjs.org/angular-messages/-/angular-messages-1.7.8.tgz",
      "integrity": "sha512-e7Oq4ugdTcAp4kLP9TNOh6mfSsYO2Uwf7NavLuNWqahDGRHYXilo2gcI/vxmFjPBOwAmreXrhYlpGLlJdzxfQg=="
    },
    "angular-route": {
      "version": "1.7.8",
      "resolved": "https://registry.npmjs.org/angular-route/-/angular-route-1.7.8.tgz",
      "integrity": "sha512-VVk89PH0fsY5kfbx+N7IVX1IwnaPWYhMGY0uA+rjej2v1sjvrTx1SLkxUK4E0UpW1hXeLJhN7ncBcwoBiPtAtA=="
    },
    "angular-touch": {
      "version": "1.7.8",
      "resolved": "https://registry.npmjs.org/angular-touch/-/angular-touch-1.7.8.tgz",
      "integrity": "sha512-YCpirIDueMIRJfSZg0glzqTfr3HyGx0/DeZorN3TkFelYj0YwxvwldQm2NcqpQR3SNfEj7ZbkcrXl1ekTILQOw==",
      "optional": true
    },
    "angular-translate": {
      "version": "2.18.1",
      "resolved": "https://registry.npmjs.org/angular-translate/-/angular-translate-2.18.1.tgz",
      "integrity": "sha512-Mw0kFBqsv5j8ItL9IhRZunIlVmIRW6iFsiTmRs9wGr2QTt8z4rehYlWyHos8qnXc/kyOYJiW50iH50CSNHGB9A==",
      "requires": {
        "angular": ">=1.2.26 <=1.7"
      }
    },
    "angular-translate-loader-static-files": {
      "version": "2.18.1",
      "resolved": "https://registry.npmjs.org/angular-translate-loader-static-files/-/angular-translate-loader-static-files-2.18.1.tgz",
      "integrity": "sha512-5MuyzAROfc493kjLjKlLGLBzXiRmZIFbcWZGutDRxW5SRXSpwrH0u0hh0ENNnUyUQbe2vUspHNPIuZqlq8qIhw==",
      "requires": {
        "angular-translate": "~2.18.1"
      }
    },
    "angular-ui-bootstrap": {
      "version": "2.5.6",
      "resolved": "https://registry.npmjs.org/angular-ui-bootstrap/-/angular-ui-bootstrap-2.5.6.tgz",
      "integrity": "sha512-yzcHpPMLQl0232nDzm5P4iAFTFQ9dMw0QgFLuKYbDj9M0xJ62z0oudYD/Lvh1pWfRsukiytP4Xj6BHOSrSXP8A==",
      "optional": true
    },
    "angular-ui-date": {
      "version": "1.1.1",
      "resolved": "https://registry.npmjs.org/angular-ui-date/-/angular-ui-date-1.1.1.tgz",
      "integrity": "sha1-MeCMRn3InHu6mUFsNmZA0izI7/0="
    },
    "angular-xeditable": {
      "version": "0.10.0",
      "resolved": "https://registry.npmjs.org/angular-xeditable/-/angular-xeditable-0.10.0.tgz",
      "integrity": "sha512-XZcy29EQtq5/ZrLABbhUr3MLT+lfAHfFpkbHFxY/J8PAaiqa+3b7/U6rg+TUV0oIQ5QfeeXCjHwg3gIyU0uDdA==",
      "requires": {
        "angular": "~1.x"
      }
    },
    "angularjs-datepicker": {
      "version": "2.1.23",
      "resolved": "https://registry.npmjs.org/angularjs-datepicker/-/angularjs-datepicker-2.1.23.tgz",
      "integrity": "sha1-ZJq4viz3dpKw/IEuKp2xgCIcJOU="
    },
    "interactjs": {
      "version": "1.5.4",
      "resolved": "https://registry.npmjs.org/interactjs/-/interactjs-1.5.4.tgz",
      "integrity": "sha512-c+7AbYqkMc2D9aaEBch/mPhLb7qyjM/nnVI5jRIXOL+DfznAHeJlNFnHYPIj9jgqIMQ7IBT0ggLrcRI3XBvm9A==",
      "optional": true,
      "requires": {
        "@interactjs/types": "1.5.4"
      }
    },
    "jquery": {
      "version": "3.4.1",
      "resolved": "https://registry.npmjs.org/jquery/-/jquery-3.4.1.tgz",
      "integrity": "sha512-36+AdBzCL+y6qjw5Tx7HgzeGCzC81MDDgaUP8ld2zhx58HdqXGoBd+tHdrBMiyjGQs0Hxs/MLZTu/eHNJJuWPw=="
    },
    "mobiscroll": {
      "version": "3.0.0-beta6",
      "resolved": "https://registry.npmjs.org/mobiscroll/-/mobiscroll-3.0.0-beta6.tgz",
      "integrity": "sha1-igkKzyPfG5d8Ci9pOseCOl2nIYI=",
      "requires": {
        "jquery": ">=1.7"
      }
    },
    "x-editable": {
      "version": "1.5.1",
      "resolved": "https://registry.npmjs.org/x-editable/-/x-editable-1.5.1.tgz",
      "integrity": "sha1-Ltu4kR7yxdYfY/BrDPAgvg/MWEk="
    }
  }
}
